<?xml version="1.0" encoding="utf-8"?>
<Project ToolsVersion="4.0" xmlns="http://schemas.microsoft.com/developer/msbuild/2003">
  <ItemGroup>
    <Filter Include="Source Files">
      <UniqueIdentifier>{4FC737F1-C7A5-4376-A066-2A32D752A2FF}</UniqueIdentifier>
      <Extensions>cpp;c;cc;cxx;c++;cppm;ixx;def;odl;idl;hpj;bat;asm;asmx</Extensions>
    </Filter>
    <Filter Include="Header Files">
      <UniqueIdentifier>{93995380-89BD-4b04-88EB-625FBE52EBFB}</UniqueIdentifier>
      <Extensions>h;hh;hpp;hxx;h++;hm;inl;inc;ipp;xsd</Extensions>
    </Filter>
    <Filter Include="Resource Files">
      <UniqueIdentifier>{67DA6AB6-F800-4c08-8B7A-83BB121AAD01}</UniqueIdentifier>
      <Extensions>rc;ico;cur;bmp;dlg;rc2;rct;bin;rgs;gif;jpg;jpeg;jpe;resx;tiff;tif;png;wav;mfcribbon-ms</Extensions>
    </Filter>
    <Filter Include="Modules">
      <UniqueIdentifier>{c3563138-3153-442f-8db4-c1b6ce111492}</UniqueIdentifier>
    </Filter>
    <Filter Include="Header Files\TempFix">
      <UniqueIdentifier>{1b944e11-0c29-405f-ad21-b5f4469dd47e}</UniqueIdentifier>
    </Filter>
    <Filter Include="Modules\Vulkan">
      <UniqueIdentifier>{b5e8962c-873f-464b-8c00-f5173fd2d406}</UniqueIdentifier>
    </Filter>
    <Filter Include="Modules\Vulkan\Class">
      <UniqueIdentifier>{8dc23d9f-e982-44aa-ae37-5da535a06f74}</UniqueIdentifier>
    </Filter>
    <Filter Include="Shaders">
      <UniqueIdentifier>{a2feeae4-8107-4700-8565-7ef67f3f1833}</UniqueIdentifier>
    </Filter>
    <Filter Include="Header Units">
      <UniqueIdentifier>{205f3e63-05f3-49fa-8232-dc31a8e4a135}</UniqueIdentifier>
    </Filter>
  </ItemGroup>
  <ItemGroup>
    <ClCompile Include="Main.cpp">
      <Filter>Source Files</Filter>
    </ClCompile>
    <ClCompile Include="..\sharedInclude\glad\glad.c">
      <Filter>Resource Files</Filter>
    </ClCompile>
    <ClCompile Include="Define.ixx">
      <Filter>Modules</Filter>
    </ClCompile>
    <ClCompile Include="Font.ixx">
      <Filter>Modules</Filter>
    </ClCompile>
    <ClCompile Include="Logger.ixx">
      <Filter>Modules</Filter>
    </ClCompile>
    <ClCompile Include="StringBox.ixx">
      <Filter>Modules</Filter>
    </ClCompile>
    <ClCompile Include="ThreadEvents.ixx">
      <Filter>Modules</Filter>
    </ClCompile>
    <ClCompile Include="ThreadRender.ixx">
      <Filter>Modules</Filter>
    </ClCompile>
    <ClCompile Include="Util.ixx">
      <Filter>Modules</Filter>
    </ClCompile>
    <ClCompile Include="font.cpp">
      <Filter>Modules</Filter>
    </ClCompile>
    <ClCompile Include="Util.cpp">
      <Filter>Modules</Filter>
    </ClCompile>
    <ClCompile Include="Logger.cpp">
      <Filter>Modules</Filter>
    </ClCompile>
    <ClCompile Include="StringBox.cpp">
      <Filter>Modules</Filter>
    </ClCompile>
    <ClCompile Include="ThreadEvents.cpp">
      <Filter>Modules</Filter>
    </ClCompile>
    <ClCompile Include="ThreadRender.cpp">
      <Filter>Modules</Filter>
    </ClCompile>
    <ClCompile Include="Vulkan.cpp">
      <Filter>Modules\Vulkan</Filter>
    </ClCompile>
    <ClCompile Include="Vulkan.ixx">
      <Filter>Modules\Vulkan</Filter>
    </ClCompile>
    <ClCompile Include="Vulkan-Enum.ixx">
      <Filter>Modules\Vulkan</Filter>
    </ClCompile>
    <ClCompile Include="Vulkan-DeviceImp.cpp">
      <Filter>Modules\Vulkan\Class</Filter>
    </ClCompile>
    <ClCompile Include="Vulkan-SyncImp.cpp">
      <Filter>Modules\Vulkan\Class</Filter>
    </ClCompile>
    <ClCompile Include="Vulkan-ImageImp.cpp">
      <Filter>Modules\Vulkan\Class</Filter>
    </ClCompile>
    <ClCompile Include="Vulkan-DescriptorImp.cpp">
      <Filter>Modules\Vulkan\Class</Filter>
    </ClCompile>
    <ClCompile Include="Vulkan-ShaderImp.cpp">
      <Filter>Modules\Vulkan\Class</Filter>
    </ClCompile>
    <ClCompile Include="Vulkan-PipelineImp.cpp">
      <Filter>Modules\Vulkan\Class</Filter>
    </ClCompile>
    <ClCompile Include="Vulkan-CommendImp.cpp">
      <Filter>Modules\Vulkan\Class</Filter>
    </ClCompile>
    <ClCompile Include="Vulkan-BufferImp.cpp">
      <Filter>Modules\Vulkan\Class</Filter>
    </ClCompile>
    <ClCompile Include="Vulkan-TickImp.cpp">
      <Filter>Modules\Vulkan\Class</Filter>
    </ClCompile>
    <ClCompile Include="GlmModule.h">
      <Filter>Header Units</Filter>
    </ClCompile>
    <ClCompile Include="Assert.h">
      <Filter>Header Units</Filter>
    </ClCompile>
    <ClCompile Include="GlfwModule.h">
      <Filter>Header Units</Filter>
    </ClCompile>
    <ClCompile Include="GL.cpp">
      <Filter>Modules</Filter>
    </ClCompile>
    <ClCompile Include="GL.ixx">
      <Filter>Modules</Filter>
    </ClCompile>
    <ClCompile Include="GladGlfwGlTempModule.h">
      <Filter>Header Units</Filter>
    </ClCompile>
    <ClCompile Include="ShelfPackModule.h">
      <Filter>Header Units</Filter>
    </ClCompile>
    <ClCompile Include="VulkanExtModule.h">
      <Filter>Header Units</Filter>
    </ClCompile>
    <ClCompile Include="FreeTypeModule.h">
      <Filter>Header Units</Filter>
    </ClCompile>
    <ClCompile Include="TempFix\memory_resource.cpp">
      <Filter>Header Files\TempFix</Filter>
    </ClCompile>
    <ClCompile Include="Vulkan-Internal.ixx">
      <Filter>Modules\Vulkan</Filter>
    </ClCompile>
    <ClCompile Include="Vulkan-Buffer.ixx">
      <Filter>Modules\Vulkan\Class</Filter>
    </ClCompile>
    <ClCompile Include="Vulkan-Commend.ixx">
      <Filter>Modules\Vulkan\Class</Filter>
    </ClCompile>
    <ClCompile Include="Vulkan-Descriptor.ixx">
      <Filter>Modules\Vulkan\Class</Filter>
    </ClCompile>
    <ClCompile Include="Vulkan-Device.ixx">
      <Filter>Modules\Vulkan\Class</Filter>
    </ClCompile>
    <ClCompile Include="Vulkan-Image.ixx">
      <Filter>Modules\Vulkan\Class</Filter>
    </ClCompile>
    <ClCompile Include="Vulkan-Pipeline.ixx">
      <Filter>Modules\Vulkan\Class</Filter>
    </ClCompile>
    <ClCompile Include="Vulkan-Shader.ixx">
      <Filter>Modules\Vulkan\Class</Filter>
    </ClCompile>
    <ClCompile Include="Vulkan-Sync.ixx">
      <Filter>Modules\Vulkan\Class</Filter>
    </ClCompile>
    <ClCompile Include="Vulkan-Tick.ixx">
      <Filter>Modules\Vulkan\Class</Filter>
    </ClCompile>
    <ClCompile Include="VulkanNativeCall.cpp">
      <Filter>Modules\Vulkan</Filter>
    </ClCompile>
  </ItemGroup>
  <ItemGroup>
    <ClInclude Include="ConsoleFormat.h">
      <Filter>Header Files</Filter>
    </ClInclude>
    <ClInclude Include="Marco.h">
      <Filter>Header Files</Filter>
    </ClInclude>
    <ClInclude Include="TempFix\internal_shared.h">
      <Filter>Header Files\TempFix</Filter>
    </ClInclude>
    <ClInclude Include="TempFix\memory_resource">
      <Filter>Header Files\TempFix</Filter>
    </ClInclude>
  </ItemGroup>
  <ItemGroup>
    <None Include=".clang-format" />
    <None Include="cpp.hint">
      <Filter>Resource Files</Filter>
    </None>
    <None Include="shader\basic.frag">
      <Filter>Shaders</Filter>
    </None>
    <None Include="shader\basic.vert">
      <Filter>Shaders</Filter>
    </None>
    <None Include="testUniform.vert">
      <Filter>Shaders</Filter>
    </None>
    <None Include="testUniform.frag">
      <Filter>Shaders</Filter>
    </None>
    <None Include="shader\point.frag">
      <Filter>Shaders</Filter>
    </None>
    <None Include="shader\point.vert">
      <Filter>Shaders</Filter>
    </None>
    <None Include="testUniformAndTexture.frag">
      <Filter>Shaders</Filter>
    </None>
    <None Include="testUniformAndTexture.vert">
      <Filter>Shaders</Filter>
    </None>
  </ItemGroup>
</Project>