
Microsoft Visual Studio Solution File, Format Version 12.00
# Visual Studio Version 16
VisualStudioVersion = 16.0.30413.136
MinimumVisualStudioVersion = 10.0.40219.1
Project("{8BC9CEB8-8B4A-11D0-8D11-00A0C91BC942}") = "Planetery Engine PreBuild v0.3", "Planetery Engine PreBuild v0.3\Planetery Engine PreBuild v0.3.vcxproj", "{D9F59AE5-8270-4A72-9177-599EFBDC7153}"
EndProject
Project("{8BC9CEB8-8B4A-11D0-8D11-00A0C91BC942}") = "Tests", "Tests\Tests.vcxproj", "{CF695DC8-C5DE-42EB-AA70-B7875C058800}"
EndProject
Global
	GlobalSection(SolutionConfigurationPlatforms) = preSolution
		Debug|x64 = Debug|x64
		Debug|x86 = Debug|x86
		Release|x64 = Release|x64
		Release|x86 = Release|x86
		Sanitize|x64 = Sanitize|x64
		Sanitize|x86 = Sanitize|x86
	EndGlobalSection
	GlobalSection(ProjectConfigurationPlatforms) = postSolution
		{D9F59AE5-8270-4A72-9177-599EFBDC7153}.Debug|x64.ActiveCfg = Debug|x64
		{D9F59AE5-8270-4A72-9177-599EFBDC7153}.Debug|x64.Build.0 = Debug|x64
		{D9F59AE5-8270-4A72-9177-599EFBDC7153}.Debug|x86.ActiveCfg = Release|x64
		{D9F59AE5-8270-4A72-9177-599EFBDC7153}.Debug|x86.Build.0 = Release|x64
		{D9F59AE5-8270-4A72-9177-599EFBDC7153}.Release|x64.ActiveCfg = Release|x64
		{D9F59AE5-8270-4A72-9177-599EFBDC7153}.Release|x64.Build.0 = Release|x64
		{D9F59AE5-8270-4A72-9177-599EFBDC7153}.Release|x86.ActiveCfg = Release|x64
		{D9F59AE5-8270-4A72-9177-599EFBDC7153}.Sanitize|x64.ActiveCfg = Sanitize|x64
		{D9F59AE5-8270-4A72-9177-599EFBDC7153}.Sanitize|x64.Build.0 = Sanitize|x64
		{D9F59AE5-8270-4A72-9177-599EFBDC7153}.Sanitize|x86.ActiveCfg = Sanitize|x64
		{CF695DC8-C5DE-42EB-AA70-B7875C058800}.Debug|x64.ActiveCfg = Debug|x64
		{CF695DC8-C5DE-42EB-AA70-B7875C058800}.Debug|x86.ActiveCfg = Release|x64
		{CF695DC8-C5DE-42EB-AA70-B7875C058800}.Debug|x86.Build.0 = Release|x64
		{CF695DC8-C5DE-42EB-AA70-B7875C058800}.Release|x64.ActiveCfg = Release|x64
		{CF695DC8-C5DE-42EB-AA70-B7875C058800}.Release|x64.Build.0 = Release|x64
		{CF695DC8-C5DE-42EB-AA70-B7875C058800}.Release|x86.ActiveCfg = Release|x64
		{CF695DC8-C5DE-42EB-AA70-B7875C058800}.Sanitize|x64.ActiveCfg = Debug|x64
		{CF695DC8-C5DE-42EB-AA70-B7875C058800}.Sanitize|x64.Build.0 = Debug|x64
		{CF695DC8-C5DE-42EB-AA70-B7875C058800}.Sanitize|x86.ActiveCfg = Release|x64
		{CF695DC8-C5DE-42EB-AA70-B7875C058800}.Sanitize|x86.Build.0 = Release|x64
	EndGlobalSection
	GlobalSection(SolutionProperties) = preSolution
		HideSolutionNode = FALSE
	EndGlobalSection
	GlobalSection(ExtensibilityGlobals) = postSolution
		SolutionGuid = {15755D70-EE06-4034-8C63-1B784F3C471A}
	EndGlobalSection
EndGlobal
